
Microsoft Visual Studio Solution File, Format Version 12.00
# Visual Studio Version 16
VisualStudioVersion = 16.0.30002.166
MinimumVisualStudioVersion = 10.0.40219.1
Project("{9A19103F-16F7-4668-BE54-9A1E7A4F7556}") = "AzureWEbApp", "AzureWEbApp.csproj", "{13B1C12A-42D6-480E-BA3D-94EE1DC7554B}"
EndProject
Project("{FAE04EC0-301F-11D3-BF4B-00C04F79EFBC}") = "Entities", "..\Entities\Entities.csproj", "{C19474EF-246C-4D27-904B-39743DA33E37}"
EndProject
Project("{FAE04EC0-301F-11D3-BF4B-00C04F79EFBC}") = "DAL", "..\DAL\DAL.csproj", "{D8529F43-EFE4-4985-904D-B1417BCC2176}"
EndProject
Project("{FAE04EC0-301F-11D3-BF4B-00C04F79EFBC}") = "Api", "..\Api\Api.csproj", "{4857328C-1E68-46B5-894A-BADC73545343}"
EndProject
Project("{FAE04EC0-301F-11D3-BF4B-00C04F79EFBC}") = "Manager", "..\Manager\Manager.csproj", "{6DABC14B-4CDC-4D1C-9C66-39822A23900E}"
EndProject
Global
	GlobalSection(SolutionConfigurationPlatforms) = preSolution
		Debug|Any CPU = Debug|Any CPU
		Release|Any CPU = Release|Any CPU
	EndGlobalSection
	GlobalSection(ProjectConfigurationPlatforms) = postSolution
		{13B1C12A-42D6-480E-BA3D-94EE1DC7554B}.Debug|Any CPU.ActiveCfg = Debug|Any CPU
		{13B1C12A-42D6-480E-BA3D-94EE1DC7554B}.Debug|Any CPU.Build.0 = Debug|Any CPU
		{13B1C12A-42D6-480E-BA3D-94EE1DC7554B}.Release|Any CPU.ActiveCfg = Release|Any CPU
		{13B1C12A-42D6-480E-BA3D-94EE1DC7554B}.Release|Any CPU.Build.0 = Release|Any CPU
		{C19474EF-246C-4D27-904B-39743DA33E37}.Debug|Any CPU.ActiveCfg = Debug|Any CPU
		{C19474EF-246C-4D27-904B-39743DA33E37}.Debug|Any CPU.Build.0 = Debug|Any CPU
		{C19474EF-246C-4D27-904B-39743DA33E37}.Release|Any CPU.ActiveCfg = Release|Any CPU
		{C19474EF-246C-4D27-904B-39743DA33E37}.Release|Any CPU.Build.0 = Release|Any CPU
		{D8529F43-EFE4-4985-904D-B1417BCC2176}.Debug|Any CPU.ActiveCfg = Debug|Any CPU
		{D8529F43-EFE4-4985-904D-B1417BCC2176}.Debug|Any CPU.Build.0 = Debug|Any CPU
		{D8529F43-EFE4-4985-904D-B1417BCC2176}.Release|Any CPU.ActiveCfg = Release|Any CPU
		{D8529F43-EFE4-4985-904D-B1417BCC2176}.Release|Any CPU.Build.0 = Release|Any CPU
		{4857328C-1E68-46B5-894A-BADC73545343}.Debug|Any CPU.ActiveCfg = Debug|Any CPU
		{4857328C-1E68-46B5-894A-BADC73545343}.Debug|Any CPU.Build.0 = Debug|Any CPU
		{4857328C-1E68-46B5-894A-BADC73545343}.Release|Any CPU.ActiveCfg = Release|Any CPU
		{4857328C-1E68-46B5-894A-BADC73545343}.Release|Any CPU.Build.0 = Release|Any CPU
		{6DABC14B-4CDC-4D1C-9C66-39822A23900E}.Debug|Any CPU.ActiveCfg = Debug|Any CPU
		{6DABC14B-4CDC-4D1C-9C66-39822A23900E}.Debug|Any CPU.Build.0 = Debug|Any CPU
		{6DABC14B-4CDC-4D1C-9C66-39822A23900E}.Release|Any CPU.ActiveCfg = Release|Any CPU
		{6DABC14B-4CDC-4D1C-9C66-39822A23900E}.Release|Any CPU.Build.0 = Release|Any CPU
	EndGlobalSection
	GlobalSection(SolutionProperties) = preSolution
		HideSolutionNode = FALSE
	EndGlobalSection
	GlobalSection(ExtensibilityGlobals) = postSolution
		SolutionGuid = {6E2306D4-A4F8-465A-B063-47BDE7F355E3}
	EndGlobalSection
EndGlobal
